
Microsoft Visual Studio Solution File, Format Version 12.00
# Visual Studio Version 16
VisualStudioVersion = 16.0.31105.61
MinimumVisualStudioVersion = 10.0.40219.1
Project("{FAE04EC0-301F-11D3-BF4B-00C04F79EFBC}") = "EasyNote", "EasyNote\EasyNote.csproj", "{83E79351-1638-41FD-839C-96047388973D}"
EndProject
Global
	GlobalSection(SolutionConfigurationPlatforms) = preSolution
		Debug|Any CPU = Debug|Any CPU
		Release|Any CPU = Release|Any CPU
	EndGlobalSection
	GlobalSection(ProjectConfigurationPlatforms) = postSolution
		{83E79351-1638-41FD-839C-96047388973D}.Debug|Any CPU.ActiveCfg = Debug|Any CPU
		{83E79351-1638-41FD-839C-96047388973D}.Debug|Any CPU.Build.0 = Debug|Any CPU
		{83E79351-1638-41FD-839C-96047388973D}.Release|Any CPU.ActiveCfg = Release|Any CPU
		{83E79351-1638-41FD-839C-96047388973D}.Release|Any CPU.Build.0 = Release|Any CPU
	EndGlobalSection
	GlobalSection(SolutionProperties) = preSolution
		HideSolutionNode = FALSE
	EndGlobalSection
	GlobalSection(ExtensibilityGlobals) = postSolution
		SolutionGuid = {41E6AE1A-ABCF-45FE-B373-FECEA435A9DF}
	EndGlobalSection
EndGlobal
